
Microsoft Visual Studio Solution File, Format Version 12.00
# Visual Studio 2015
Project("{FAE04EC0-301F-11D3-BF4B-00C04F79EFBC}") = "P2", "P2.csproj", "{DDF280DE-B070-E4F2-EC50-0547A661CD8A}"
EndProject
Project("{FAE04EC0-301F-11D3-BF4B-00C04F79EFBC}") = "P2.Editor", "P2.Editor.csproj", "{F528ABB4-94EF-23DE-8D6B-73696F2B672B}"
EndProject
Global
	GlobalSection(SolutionConfigurationPlatforms) = preSolution
		Debug|Any CPU = Debug|Any CPU
		Release|Any CPU = Release|Any CPU
	EndGlobalSection
	GlobalSection(ProjectConfigurationPlatforms) = postSolution
		{DDF280DE-B070-E4F2-EC50-0547A661CD8A}.Debug|Any CPU.ActiveCfg = Debug|Any CPU
		{DDF280DE-B070-E4F2-EC50-0547A661CD8A}.Debug|Any CPU.Build.0 = Debug|Any CPU
		{DDF280DE-B070-E4F2-EC50-0547A661CD8A}.Release|Any CPU.ActiveCfg = Release|Any CPU
		{DDF280DE-B070-E4F2-EC50-0547A661CD8A}.Release|Any CPU.Build.0 = Release|Any CPU
		{F528ABB4-94EF-23DE-8D6B-73696F2B672B}.Debug|Any CPU.ActiveCfg = Debug|Any CPU
		{F528ABB4-94EF-23DE-8D6B-73696F2B672B}.Debug|Any CPU.Build.0 = Debug|Any CPU
		{F528ABB4-94EF-23DE-8D6B-73696F2B672B}.Release|Any CPU.ActiveCfg = Release|Any CPU
		{F528ABB4-94EF-23DE-8D6B-73696F2B672B}.Release|Any CPU.Build.0 = Release|Any CPU
	EndGlobalSection
	GlobalSection(SolutionProperties) = preSolution
		HideSolutionNode = FALSE
	EndGlobalSection
EndGlobal
